// !$*UTF8*$!
{
	archiveVersion = 1;
	classes = {
	};
	objectVersion = 50;
	objects = {

/* Begin PBXBuildFile section */
		969A696A2258C04600612DB5 /* AppDelegate.swift in Sources */ = {isa = PBXBuildFile; fileRef = 969A69692258C04600612DB5 /* AppDelegate.swift */; };
		969A69712258C04C00612DB5 /* Assets.xcassets in Resources */ = {isa = PBXBuildFile; fileRef = 969A69702258C04C00612DB5 /* Assets.xcassets */; };
		969A69742258C04C00612DB5 /* LaunchScreen.storyboard in Resources */ = {isa = PBXBuildFile; fileRef = 969A69722258C04C00612DB5 /* LaunchScreen.storyboard */; };
		969A69832258CF8300612DB5 /* Questions.swift in Sources */ = {isa = PBXBuildFile; fileRef = 969A69802258CF8300612DB5 /* Questions.swift */; };
		969A69842258CF8300612DB5 /* Quizzes.swift in Sources */ = {isa = PBXBuildFile; fileRef = 969A69812258CF8300612DB5 /* Quizzes.swift */; };
		969A69852258CF8300612DB5 /* Quiz.swift in Sources */ = {isa = PBXBuildFile; fileRef = 969A69822258CF8300612DB5 /* Quiz.swift */; };
		969A69892258ECEA00612DB5 /* QuizService.swift in Sources */ = {isa = PBXBuildFile; fileRef = 969A69882258ECEA00612DB5 /* QuizService.swift */; };
		969A698C22590A5800612DB5 /* InitialViewController.swift in Sources */ = {isa = PBXBuildFile; fileRef = 969A698A22590A5800612DB5 /* InitialViewController.swift */; };
		969A698D22590A5800612DB5 /* InitialViewController.xib in Resources */ = {isa = PBXBuildFile; fileRef = 969A698B22590A5800612DB5 /* InitialViewController.xib */; };
		969A698F22594C6800612DB5 /* Categorys.swift in Sources */ = {isa = PBXBuildFile; fileRef = 969A698E22594C6800612DB5 /* Categorys.swift */; };
		969A69912259607F00612DB5 /* QuizImageService.swift in Sources */ = {isa = PBXBuildFile; fileRef = 969A69902259607F00612DB5 /* QuizImageService.swift */; };
/* End PBXBuildFile section */

/* Begin PBXFileReference section */
		969A69662258C04600612DB5 /* QuizApp.app */ = {isa = PBXFileReference; explicitFileType = wrapper.application; includeInIndex = 0; path = QuizApp.app; sourceTree = BUILT_PRODUCTS_DIR; };
		969A69692258C04600612DB5 /* AppDelegate.swift */ = {isa = PBXFileReference; lastKnownFileType = sourcecode.swift; path = AppDelegate.swift; sourceTree = "<group>"; };
		969A69702258C04C00612DB5 /* Assets.xcassets */ = {isa = PBXFileReference; lastKnownFileType = folder.assetcatalog; path = Assets.xcassets; sourceTree = "<group>"; };
		969A69732258C04C00612DB5 /* Base */ = {isa = PBXFileReference; lastKnownFileType = file.storyboard; name = Base; path = Base.lproj/LaunchScreen.storyboard; sourceTree = "<group>"; };
		969A69752258C04C00612DB5 /* Info.plist */ = {isa = PBXFileReference; lastKnownFileType = text.plist.xml; path = Info.plist; sourceTree = "<group>"; };
		969A69802258CF8300612DB5 /* Questions.swift */ = {isa = PBXFileReference; fileEncoding = 4; lastKnownFileType = sourcecode.swift; path = Questions.swift; sourceTree = "<group>"; };
		969A69812258CF8300612DB5 /* Quizzes.swift */ = {isa = PBXFileReference; fileEncoding = 4; lastKnownFileType = sourcecode.swift; path = Quizzes.swift; sourceTree = "<group>"; };
		969A69822258CF8300612DB5 /* Quiz.swift */ = {isa = PBXFileReference; fileEncoding = 4; lastKnownFileType = sourcecode.swift; path = Quiz.swift; sourceTree = "<group>"; };
		969A69882258ECEA00612DB5 /* QuizService.swift */ = {isa = PBXFileReference; lastKnownFileType = sourcecode.swift; path = QuizService.swift; sourceTree = "<group>"; };
		969A698A22590A5800612DB5 /* InitialViewController.swift */ = {isa = PBXFileReference; lastKnownFileType = sourcecode.swift; path = InitialViewController.swift; sourceTree = "<group>"; };
		969A698B22590A5800612DB5 /* InitialViewController.xib */ = {isa = PBXFileReference; lastKnownFileType = file.xib; path = InitialViewController.xib; sourceTree = "<group>"; };
		969A698E22594C6800612DB5 /* Categorys.swift */ = {isa = PBXFileReference; lastKnownFileType = sourcecode.swift; path = Categorys.swift; sourceTree = "<group>"; };
		969A69902259607F00612DB5 /* QuizImageService.swift */ = {isa = PBXFileReference; lastKnownFileType = sourcecode.swift; path = QuizImageService.swift; sourceTree = "<group>"; };
/* End PBXFileReference section */

/* Begin PBXFrameworksBuildPhase section */
		969A69632258C04600612DB5 /* Frameworks */ = {
			isa = PBXFrameworksBuildPhase;
			buildActionMask = 2147483647;
			files = (
			);
			runOnlyForDeploymentPostprocessing = 0;
		};
/* End PBXFrameworksBuildPhase section */

/* Begin PBXGroup section */
		969A695D2258C04600612DB5 = {
			isa = PBXGroup;
			children = (
				969A69682258C04600612DB5 /* QuizApp */,
				969A69672258C04600612DB5 /* Products */,
			);
			sourceTree = "<group>";
		};
		969A69672258C04600612DB5 /* Products */ = {
			isa = PBXGroup;
			children = (
				969A69662258C04600612DB5 /* QuizApp.app */,
			);
			name = Products;
			sourceTree = "<group>";
		};
		969A69682258C04600612DB5 /* QuizApp */ = {
			isa = PBXGroup;
			children = (
				969A69692258C04600612DB5 /* AppDelegate.swift */,
				969A69702258C04C00612DB5 /* Assets.xcassets */,
				969A69722258C04C00612DB5 /* LaunchScreen.storyboard */,
				969A69752258C04C00612DB5 /* Info.plist */,
				969A697F2258CE9100612DB5 /* Controllers */,
				969A697E2258CE7D00612DB5 /* Views */,
				969A697D2258CE7400612DB5 /* Models */,
				969A697C2258CE2E00612DB5 /* Services */,
			);
			path = QuizApp;
			sourceTree = "<group>";
		};
		969A697C2258CE2E00612DB5 /* Services */ = {
			isa = PBXGroup;
			children = (
				969A69882258ECEA00612DB5 /* QuizService.swift */,
				969A69902259607F00612DB5 /* QuizImageService.swift */,
			);
			path = Services;
			sourceTree = "<group>";
		};
		969A697D2258CE7400612DB5 /* Models */ = {
			isa = PBXGroup;
			children = (
				969A69822258CF8300612DB5 /* Quiz.swift */,
				969A69802258CF8300612DB5 /* Questions.swift */,
				969A69812258CF8300612DB5 /* Quizzes.swift */,
				969A698E22594C6800612DB5 /* Categorys.swift */,
			);
			path = Models;
			sourceTree = "<group>";
		};
		969A697E2258CE7D00612DB5 /* Views */ = {
			isa = PBXGroup;
			children = (
			);
			path = Views;
			sourceTree = "<group>";
		};
		969A697F2258CE9100612DB5 /* Controllers */ = {
			isa = PBXGroup;
			children = (
				969A698A22590A5800612DB5 /* InitialViewController.swift */,
				969A698B22590A5800612DB5 /* InitialViewController.xib */,
			);
			path = Controllers;
			sourceTree = "<group>";
		};
/* End PBXGroup section */

/* Begin PBXNativeTarget section */
		969A69652258C04600612DB5 /* QuizApp */ = {
			isa = PBXNativeTarget;
			buildConfigurationList = 969A69782258C04C00612DB5 /* Build configuration list for PBXNativeTarget "QuizApp" */;
			buildPhases = (
				969A69622258C04600612DB5 /* Sources */,
				969A69632258C04600612DB5 /* Frameworks */,
				969A69642258C04600612DB5 /* Resources */,
			);
			buildRules = (
			);
			dependencies = (
			);
			name = QuizApp;
			productName = QuizApp;
			productReference = 969A69662258C04600612DB5 /* QuizApp.app */;
			productType = "com.apple.product-type.application";
		};
/* End PBXNativeTarget section */

/* Begin PBXProject section */
		969A695E2258C04600612DB5 /* Project object */ = {
			isa = PBXProject;
			attributes = {
				LastSwiftUpdateCheck = 1020;
				LastUpgradeCheck = 1020;
				ORGANIZATIONNAME = FER;
				TargetAttributes = {
					969A69652258C04600612DB5 = {
						CreatedOnToolsVersion = 10.2;
					};
				};
			};
			buildConfigurationList = 969A69612258C04600612DB5 /* Build configuration list for PBXProject "QuizApp" */;
			compatibilityVersion = "Xcode 9.3";
			developmentRegion = en;
			hasScannedForEncodings = 0;
			knownRegions = (
				en,
				Base,
			);
			mainGroup = 969A695D2258C04600612DB5;
			productRefGroup = 969A69672258C04600612DB5 /* Products */;
			projectDirPath = "";
			projectRoot = "";
			targets = (
				969A69652258C04600612DB5 /* QuizApp */,
			);
		};
/* End PBXProject section */

/* Begin PBXResourcesBuildPhase section */
		969A69642258C04600612DB5 /* Resources */ = {
			isa = PBXResourcesBuildPhase;
			buildActionMask = 2147483647;
			files = (
				969A69742258C04C00612DB5 /* LaunchScreen.storyboard in Resources */,
				969A69712258C04C00612DB5 /* Assets.xcassets in Resources */,
				969A698D22590A5800612DB5 /* InitialViewController.xib in Resources */,
			);
			runOnlyForDeploymentPostprocessing = 0;
		};
/* End PBXResourcesBuildPhase section */

/* Begin PBXSourcesBuildPhase section */
		969A69622258C04600612DB5 /* Sources */ = {
			isa = PBXSourcesBuildPhase;
			buildActionMask = 2147483647;
			files = (
				969A69832258CF8300612DB5 /* Questions.swift in Sources */,
				969A698C22590A5800612DB5 /* InitialViewController.swift in Sources */,
				969A69892258ECEA00612DB5 /* QuizService.swift in Sources */,
				969A696A2258C04600612DB5 /* AppDelegate.swift in Sources */,
				969A69852258CF8300612DB5 /* Quiz.swift in Sources */,
				969A69842258CF8300612DB5 /* Quizzes.swift in Sources */,
				969A69912259607F00612DB5 /* QuizImageService.swift in Sources */,
				969A698F22594C6800612DB5 /* Categorys.swift in Sources */,
			);
			runOnlyForDeploymentPostprocessing = 0;
		};
/* End PBXSourcesBuildPhase section */

/* Begin PBXVariantGroup section */
		969A69722258C04C00612DB5 /* LaunchScreen.storyboard */ = {
			isa = PBXVariantGroup;
			children = (
				969A69732258C04C00612DB5 /* Base */,
			);
			name = LaunchScreen.storyboard;
			sourceTree = "<group>";
		};
/* End PBXVariantGroup section */

/* Begin XCBuildConfiguration section */
		969A69762258C04C00612DB5 /* Debug */ = {
			isa = XCBuildConfiguration;
			buildSettings = {
				ALWAYS_SEARCH_USER_PATHS = NO;
				CLANG_ANALYZER_NONNULL = YES;
				CLANG_ANALYZER_NUMBER_OBJECT_CONVERSION = YES_AGGRESSIVE;
				CLANG_CXX_LANGUAGE_STANDARD = "gnu++14";
				CLANG_CXX_LIBRARY = "libc++";
				CLANG_ENABLE_MODULES = YES;
				CLANG_ENABLE_OBJC_ARC = YES;
				CLANG_ENABLE_OBJC_WEAK = YES;
				CLANG_WARN_BLOCK_CAPTURE_AUTORELEASING = YES;
				CLANG_WARN_BOOL_CONVERSION = YES;
				CLANG_WARN_COMMA = YES;
				CLANG_WARN_CONSTANT_CONVERSION = YES;
				CLANG_WARN_DEPRECATED_OBJC_IMPLEMENTATIONS = YES;
				CLANG_WARN_DIRECT_OBJC_ISA_USAGE = YES_ERROR;
				CLANG_WARN_DOCUMENTATION_COMMENTS = YES;
				CLANG_WARN_EMPTY_BODY = YES;
				CLANG_WARN_ENUM_CONVERSION = YES;
				CLANG_WARN_INFINITE_RECURSION = YES;
				CLANG_WARN_INT_CONVERSION = YES;
				CLANG_WARN_NON_LITERAL_NULL_CONVERSION = YES;
				CLANG_WARN_OBJC_IMPLICIT_RETAIN_SELF = YES;
				CLANG_WARN_OBJC_LITERAL_CONVERSION = YES;
				CLANG_WARN_OBJC_ROOT_CLASS = YES_ERROR;
				CLANG_WARN_RANGE_LOOP_ANALYSIS = YES;
				CLANG_WARN_STRICT_PROTOTYPES = YES;
				CLANG_WARN_SUSPICIOUS_MOVE = YES;
				CLANG_WARN_UNGUARDED_AVAILABILITY = YES_AGGRESSIVE;
				CLANG_WARN_UNREACHABLE_CODE = YES;
				CLANG_WARN__DUPLICATE_METHOD_MATCH = YES;
				CODE_SIGN_IDENTITY = "iPhone Developer";
				COPY_PHASE_STRIP = NO;
				DEBUG_INFORMATION_FORMAT = dwarf;
				ENABLE_STRICT_OBJC_MSGSEND = YES;
				ENABLE_TESTABILITY = YES;
				GCC_C_LANGUAGE_STANDARD = gnu11;
				GCC_DYNAMIC_NO_PIC = NO;
				GCC_NO_COMMON_BLOCKS = YES;
				GCC_OPTIMIZATION_LEVEL = 0;
				GCC_PREPROCESSOR_DEFINITIONS = (
					"DEBUG=1",
					"$(inherited)",
				);
				GCC_WARN_64_TO_32_BIT_CONVERSION = YES;
				GCC_WARN_ABOUT_RETURN_TYPE = YES_ERROR;
				GCC_WARN_UNDECLARED_SELECTOR = YES;
				GCC_WARN_UNINITIALIZED_AUTOS = YES_AGGRESSIVE;
				GCC_WARN_UNUSED_FUNCTION = YES;
				GCC_WARN_UNUSED_VARIABLE = YES;
				IPHONEOS_DEPLOYMENT_TARGET = 12.2;
				MTL_ENABLE_DEBUG_INFO = INCLUDE_SOURCE;
				MTL_FAST_MATH = YES;
				ONLY_ACTIVE_ARCH = YES;
				SDKROOT = iphoneos;
				SWIFT_ACTIVE_COMPILATION_CONDITIONS = DEBUG;
				SWIFT_OPTIMIZATION_LEVEL = "-Onone";
			};
			name = Debug;
		};
		969A69772258C04C00612DB5 /* Release */ = {
			isa = XCBuildConfiguration;
			buildSettings = {
				ALWAYS_SEARCH_USER_PATHS = NO;
				CLANG_ANALYZER_NONNULL = YES;
				CLANG_ANALYZER_NUMBER_OBJECT_CONVERSION = YES_AGGRESSIVE;
				CLANG_CXX_LANGUAGE_STANDARD = "gnu++14";
				CLANG_CXX_LIBRARY = "libc++";
				CLANG_ENABLE_MODULES = YES;
				CLANG_ENABLE_OBJC_ARC = YES;
				CLANG_ENABLE_OBJC_WEAK = YES;
				CLANG_WARN_BLOCK_CAPTURE_AUTORELEASING = YES;
				CLANG_WARN_BOOL_CONVERSION = YES;
				CLANG_WARN_COMMA = YES;
				CLANG_WARN_CONSTANT_CONVERSION = YES;
				CLANG_WARN_DEPRECATED_OBJC_IMPLEMENTATIONS = YES;
				CLANG_WARN_DIRECT_OBJC_ISA_USAGE = YES_ERROR;
				CLANG_WARN_DOCUMENTATION_COMMENTS = YES;
				CLANG_WARN_EMPTY_BODY = YES;
				CLANG_WARN_ENUM_CONVERSION = YES;
				CLANG_WARN_INFINITE_RECURSION = YES;
				CLANG_WARN_INT_CONVERSION = YES;
				CLANG_WARN_NON_LITERAL_NULL_CONVERSION = YES;
				CLANG_WARN_OBJC_IMPLICIT_RETAIN_SELF = YES;
				CLANG_WARN_OBJC_LITERAL_CONVERSION = YES;
				CLANG_WARN_OBJC_ROOT_CLASS = YES_ERROR;
				CLANG_WARN_RANGE_LOOP_ANALYSIS = YES;
				CLANG_WARN_STRICT_PROTOTYPES = YES;
				CLANG_WARN_SUSPICIOUS_MOVE = YES;
				CLANG_WARN_UNGUARDED_AVAILABILITY = YES_AGGRESSIVE;
				CLANG_WARN_UNREACHABLE_CODE = YES;
				CLANG_WARN__DUPLICATE_METHOD_MATCH = YES;
				CODE_SIGN_IDENTITY = "iPhone Developer";
				COPY_PHASE_STRIP = NO;
				DEBUG_INFORMATION_FORMAT = "dwarf-with-dsym";
				ENABLE_NS_ASSERTIONS = NO;
				ENABLE_STRICT_OBJC_MSGSEND = YES;
				GCC_C_LANGUAGE_STANDARD = gnu11;
				GCC_NO_COMMON_BLOCKS = YES;
				GCC_WARN_64_TO_32_BIT_CONVERSION = YES;
				GCC_WARN_ABOUT_RETURN_TYPE = YES_ERROR;
				GCC_WARN_UNDECLARED_SELECTOR = YES;
				GCC_WARN_UNINITIALIZED_AUTOS = YES_AGGRESSIVE;
				GCC_WARN_UNUSED_FUNCTION = YES;
				GCC_WARN_UNUSED_VARIABLE = YES;
				IPHONEOS_DEPLOYMENT_TARGET = 12.2;
				MTL_ENABLE_DEBUG_INFO = NO;
				MTL_FAST_MATH = YES;
				SDKROOT = iphoneos;
				SWIFT_COMPILATION_MODE = wholemodule;
				SWIFT_OPTIMIZATION_LEVEL = "-O";
				VALIDATE_PRODUCT = YES;
			};
			name = Release;
		};
		969A69792258C04C00612DB5 /* Debug */ = {
			isa = XCBuildConfiguration;
			buildSettings = {
				ASSETCATALOG_COMPILER_APPICON_NAME = AppIcon;
				CODE_SIGN_STYLE = Automatic;
				INFOPLIST_FILE = QuizApp/Info.plist;
				LD_RUNPATH_SEARCH_PATHS = (
					"$(inherited)",
					"@executable_path/Frameworks",
				);
				PRODUCT_BUNDLE_IDENTIFIER = hr.fer.caleta.mario.QuizApp;
				PRODUCT_NAME = "$(TARGET_NAME)";
				SWIFT_VERSION = 5.0;
				TARGETED_DEVICE_FAMILY = "1,2";
			};
			name = Debug;
		};
		969A697A2258C04C00612DB5 /* Release */ = {
			isa = XCBuildConfiguration;
			buildSettings = {
				ASSETCATALOG_COMPILER_APPICON_NAME = AppIcon;
				CODE_SIGN_STYLE = Automatic;
				INFOPLIST_FILE = QuizApp/Info.plist;
				LD_RUNPATH_SEARCH_PATHS = (
					"$(inherited)",
					"@executable_path/Frameworks",
				);
				PRODUCT_BUNDLE_IDENTIFIER = hr.fer.caleta.mario.QuizApp;
				PRODUCT_NAME = "$(TARGET_NAME)";
				SWIFT_VERSION = 5.0;
				TARGETED_DEVICE_FAMILY = "1,2";
			};
			name = Release;
		};
/* End XCBuildConfiguration section */

/* Begin XCConfigurationList section */
		969A69612258C04600612DB5 /* Build configuration list for PBXProject "QuizApp" */ = {
			isa = XCConfigurationList;
			buildConfigurations = (
				969A69762258C04C00612DB5 /* Debug */,
				969A69772258C04C00612DB5 /* Release */,
			);
			defaultConfigurationIsVisible = 0;
			defaultConfigurationName = Release;
		};
		969A69782258C04C00612DB5 /* Build configuration list for PBXNativeTarget "QuizApp" */ = {
			isa = XCConfigurationList;
			buildConfigurations = (
				969A69792258C04C00612DB5 /* Debug */,
				969A697A2258C04C00612DB5 /* Release */,
			);
			defaultConfigurationIsVisible = 0;
			defaultConfigurationName = Release;
		};
/* End XCConfigurationList section */
	};
	rootObject = 969A695E2258C04600612DB5 /* Project object */;
}
