// !$*UTF8*$!
{
	archiveVersion = 1;
	classes = {
	};
	objectVersion = 51;
	objects = {

/* Begin PBXBuildFile section */
		47D7D348C550C2D24B0D8B4B /* Pods_QuizApp.framework in Frameworks */ = {isa = PBXBuildFile; fileRef = 5F0DC983E6B01F8F97C85E2D /* Pods_QuizApp.framework */; };
		961D1681228A0551005240CC /* QuizesViewController.swift in Sources */ = {isa = PBXBuildFile; fileRef = 961D167F228A0551005240CC /* QuizesViewController.swift */; };
		961D1682228A0551005240CC /* QuizesViewController.xib in Resources */ = {isa = PBXBuildFile; fileRef = 961D1680228A0551005240CC /* QuizesViewController.xib */; };
		961D1685228AF92C005240CC /* QuizesTableViewCell.swift in Sources */ = {isa = PBXBuildFile; fileRef = 961D1683228AF92C005240CC /* QuizesTableViewCell.swift */; };
		961D1686228AF92C005240CC /* QuizesTableViewCell.xib in Resources */ = {isa = PBXBuildFile; fileRef = 961D1684228AF92C005240CC /* QuizesTableViewCell.xib */; };
		961D1689228B14FF005240CC /* QuizesViewModel.swift in Sources */ = {isa = PBXBuildFile; fileRef = 961D1688228B14FF005240CC /* QuizesViewModel.swift */; };
		961D168B228B1DD7005240CC /* SingleQuizViewModel.swift in Sources */ = {isa = PBXBuildFile; fileRef = 961D168A228B1DD7005240CC /* SingleQuizViewModel.swift */; };
		969A696A2258C04600612DB5 /* AppDelegate.swift in Sources */ = {isa = PBXBuildFile; fileRef = 969A69692258C04600612DB5 /* AppDelegate.swift */; };
		969A69712258C04C00612DB5 /* Assets.xcassets in Resources */ = {isa = PBXBuildFile; fileRef = 969A69702258C04C00612DB5 /* Assets.xcassets */; };
		969A69742258C04C00612DB5 /* LaunchScreen.storyboard in Resources */ = {isa = PBXBuildFile; fileRef = 969A69722258C04C00612DB5 /* LaunchScreen.storyboard */; };
		969A69832258CF8300612DB5 /* Questions.swift in Sources */ = {isa = PBXBuildFile; fileRef = 969A69802258CF8300612DB5 /* Questions.swift */; };
		969A69842258CF8300612DB5 /* Quizzes.swift in Sources */ = {isa = PBXBuildFile; fileRef = 969A69812258CF8300612DB5 /* Quizzes.swift */; };
		969A69852258CF8300612DB5 /* Quiz.swift in Sources */ = {isa = PBXBuildFile; fileRef = 969A69822258CF8300612DB5 /* Quiz.swift */; };
		969A69892258ECEA00612DB5 /* QuizService.swift in Sources */ = {isa = PBXBuildFile; fileRef = 969A69882258ECEA00612DB5 /* QuizService.swift */; };
		969A698C22590A5800612DB5 /* InitialViewController.swift in Sources */ = {isa = PBXBuildFile; fileRef = 969A698A22590A5800612DB5 /* InitialViewController.swift */; };
		969A698D22590A5800612DB5 /* InitialViewController.xib in Resources */ = {isa = PBXBuildFile; fileRef = 969A698B22590A5800612DB5 /* InitialViewController.xib */; };
		969A698F22594C6800612DB5 /* Categorys.swift in Sources */ = {isa = PBXBuildFile; fileRef = 969A698E22594C6800612DB5 /* Categorys.swift */; };
		969A69912259607F00612DB5 /* QuizImageService.swift in Sources */ = {isa = PBXBuildFile; fileRef = 969A69902259607F00612DB5 /* QuizImageService.swift */; };
		969A6994225D3DD300612DB5 /* QuestionView.swift in Sources */ = {isa = PBXBuildFile; fileRef = 969A6992225D3DD300612DB5 /* QuestionView.swift */; };
		969A6995225D3DD300612DB5 /* QuestionView.xib in Resources */ = {isa = PBXBuildFile; fileRef = 969A6993225D3DD300612DB5 /* QuestionView.xib */; };
		969A6998225FAADE00612DB5 /* LogInViewController.swift in Sources */ = {isa = PBXBuildFile; fileRef = 969A6996225FAADE00612DB5 /* LogInViewController.swift */; };
		969A6999225FAADE00612DB5 /* LogInViewController.xib in Resources */ = {isa = PBXBuildFile; fileRef = 969A6997225FAADE00612DB5 /* LogInViewController.xib */; };
		969A699B225FAF4C00612DB5 /* LogInService.swift in Sources */ = {isa = PBXBuildFile; fileRef = 969A699A225FAF4C00612DB5 /* LogInService.swift */; };
		96E56A65228B41EA0053015B /* QuizesTableSectionHeader.swift in Sources */ = {isa = PBXBuildFile; fileRef = 96E56A64228B41E90053015B /* QuizesTableSectionHeader.swift */; };
/* End PBXBuildFile section */

/* Begin PBXFileReference section */
		5E6516B167D9159578CECC14 /* Pods-QuizApp.release.xcconfig */ = {isa = PBXFileReference; includeInIndex = 1; lastKnownFileType = text.xcconfig; name = "Pods-QuizApp.release.xcconfig"; path = "Target Support Files/Pods-QuizApp/Pods-QuizApp.release.xcconfig"; sourceTree = "<group>"; };
		5F0DC983E6B01F8F97C85E2D /* Pods_QuizApp.framework */ = {isa = PBXFileReference; explicitFileType = wrapper.framework; includeInIndex = 0; path = Pods_QuizApp.framework; sourceTree = BUILT_PRODUCTS_DIR; };
		961D167F228A0551005240CC /* QuizesViewController.swift */ = {isa = PBXFileReference; lastKnownFileType = sourcecode.swift; path = QuizesViewController.swift; sourceTree = "<group>"; };
		961D1680228A0551005240CC /* QuizesViewController.xib */ = {isa = PBXFileReference; lastKnownFileType = file.xib; path = QuizesViewController.xib; sourceTree = "<group>"; };
		961D1683228AF92C005240CC /* QuizesTableViewCell.swift */ = {isa = PBXFileReference; lastKnownFileType = sourcecode.swift; path = QuizesTableViewCell.swift; sourceTree = "<group>"; };
		961D1684228AF92C005240CC /* QuizesTableViewCell.xib */ = {isa = PBXFileReference; lastKnownFileType = file.xib; path = QuizesTableViewCell.xib; sourceTree = "<group>"; };
		961D1688228B14FF005240CC /* QuizesViewModel.swift */ = {isa = PBXFileReference; lastKnownFileType = sourcecode.swift; path = QuizesViewModel.swift; sourceTree = "<group>"; };
		961D168A228B1DD7005240CC /* SingleQuizViewModel.swift */ = {isa = PBXFileReference; lastKnownFileType = sourcecode.swift; path = SingleQuizViewModel.swift; sourceTree = "<group>"; };
		969A69662258C04600612DB5 /* QuizApp.app */ = {isa = PBXFileReference; explicitFileType = wrapper.application; includeInIndex = 0; path = QuizApp.app; sourceTree = BUILT_PRODUCTS_DIR; };
		969A69692258C04600612DB5 /* AppDelegate.swift */ = {isa = PBXFileReference; lastKnownFileType = sourcecode.swift; path = AppDelegate.swift; sourceTree = "<group>"; };
		969A69702258C04C00612DB5 /* Assets.xcassets */ = {isa = PBXFileReference; lastKnownFileType = folder.assetcatalog; path = Assets.xcassets; sourceTree = "<group>"; };
		969A69732258C04C00612DB5 /* Base */ = {isa = PBXFileReference; lastKnownFileType = file.storyboard; name = Base; path = Base.lproj/LaunchScreen.storyboard; sourceTree = "<group>"; };
		969A69752258C04C00612DB5 /* Info.plist */ = {isa = PBXFileReference; lastKnownFileType = text.plist.xml; path = Info.plist; sourceTree = "<group>"; };
		969A69802258CF8300612DB5 /* Questions.swift */ = {isa = PBXFileReference; fileEncoding = 4; lastKnownFileType = sourcecode.swift; path = Questions.swift; sourceTree = "<group>"; };
		969A69812258CF8300612DB5 /* Quizzes.swift */ = {isa = PBXFileReference; fileEncoding = 4; lastKnownFileType = sourcecode.swift; path = Quizzes.swift; sourceTree = "<group>"; };
		969A69822258CF8300612DB5 /* Quiz.swift */ = {isa = PBXFileReference; fileEncoding = 4; lastKnownFileType = sourcecode.swift; path = Quiz.swift; sourceTree = "<group>"; };
		969A69882258ECEA00612DB5 /* QuizService.swift */ = {isa = PBXFileReference; lastKnownFileType = sourcecode.swift; path = QuizService.swift; sourceTree = "<group>"; };
		969A698A22590A5800612DB5 /* InitialViewController.swift */ = {isa = PBXFileReference; lastKnownFileType = sourcecode.swift; path = InitialViewController.swift; sourceTree = "<group>"; };
		969A698B22590A5800612DB5 /* InitialViewController.xib */ = {isa = PBXFileReference; lastKnownFileType = file.xib; path = InitialViewController.xib; sourceTree = "<group>"; };
		969A698E22594C6800612DB5 /* Categorys.swift */ = {isa = PBXFileReference; lastKnownFileType = sourcecode.swift; path = Categorys.swift; sourceTree = "<group>"; };
		969A69902259607F00612DB5 /* QuizImageService.swift */ = {isa = PBXFileReference; lastKnownFileType = sourcecode.swift; path = QuizImageService.swift; sourceTree = "<group>"; };
		969A6992225D3DD300612DB5 /* QuestionView.swift */ = {isa = PBXFileReference; lastKnownFileType = sourcecode.swift; path = QuestionView.swift; sourceTree = "<group>"; };
		969A6993225D3DD300612DB5 /* QuestionView.xib */ = {isa = PBXFileReference; lastKnownFileType = file.xib; path = QuestionView.xib; sourceTree = "<group>"; };
		969A6996225FAADE00612DB5 /* LogInViewController.swift */ = {isa = PBXFileReference; lastKnownFileType = sourcecode.swift; path = LogInViewController.swift; sourceTree = "<group>"; };
		969A6997225FAADE00612DB5 /* LogInViewController.xib */ = {isa = PBXFileReference; lastKnownFileType = file.xib; path = LogInViewController.xib; sourceTree = "<group>"; };
		969A699A225FAF4C00612DB5 /* LogInService.swift */ = {isa = PBXFileReference; lastKnownFileType = sourcecode.swift; path = LogInService.swift; sourceTree = "<group>"; };
		96E56A64228B41E90053015B /* QuizesTableSectionHeader.swift */ = {isa = PBXFileReference; lastKnownFileType = sourcecode.swift; path = QuizesTableSectionHeader.swift; sourceTree = "<group>"; };
		D719B9DF2B32F6F1D6C31E11 /* Pods-QuizApp.debug.xcconfig */ = {isa = PBXFileReference; includeInIndex = 1; lastKnownFileType = text.xcconfig; name = "Pods-QuizApp.debug.xcconfig"; path = "Target Support Files/Pods-QuizApp/Pods-QuizApp.debug.xcconfig"; sourceTree = "<group>"; };
/* End PBXFileReference section */

/* Begin PBXFrameworksBuildPhase section */
		969A69632258C04600612DB5 /* Frameworks */ = {
			isa = PBXFrameworksBuildPhase;
			buildActionMask = 2147483647;
			files = (
				47D7D348C550C2D24B0D8B4B /* Pods_QuizApp.framework in Frameworks */,
			);
			runOnlyForDeploymentPostprocessing = 0;
		};
/* End PBXFrameworksBuildPhase section */

/* Begin PBXGroup section */
		2C95C88A79D1E0019AA5DD5A /* Pods */ = {
			isa = PBXGroup;
			children = (
				D719B9DF2B32F6F1D6C31E11 /* Pods-QuizApp.debug.xcconfig */,
				5E6516B167D9159578CECC14 /* Pods-QuizApp.release.xcconfig */,
			);
			path = Pods;
			sourceTree = "<group>";
		};
		961D1687228B14A8005240CC /* ViewModels */ = {
			isa = PBXGroup;
			children = (
				961D1688228B14FF005240CC /* QuizesViewModel.swift */,
				961D168A228B1DD7005240CC /* SingleQuizViewModel.swift */,
			);
			path = ViewModels;
			sourceTree = "<group>";
		};
		969A695D2258C04600612DB5 = {
			isa = PBXGroup;
			children = (
				969A69682258C04600612DB5 /* QuizApp */,
				969A69672258C04600612DB5 /* Products */,
				2C95C88A79D1E0019AA5DD5A /* Pods */,
				C14B2BD1102F4BC7C426C6FA /* Frameworks */,
			);
			sourceTree = "<group>";
		};
		969A69672258C04600612DB5 /* Products */ = {
			isa = PBXGroup;
			children = (
				969A69662258C04600612DB5 /* QuizApp.app */,
			);
			name = Products;
			sourceTree = "<group>";
		};
		969A69682258C04600612DB5 /* QuizApp */ = {
			isa = PBXGroup;
			children = (
				961D1687228B14A8005240CC /* ViewModels */,
				969A69692258C04600612DB5 /* AppDelegate.swift */,
				969A69702258C04C00612DB5 /* Assets.xcassets */,
				969A69722258C04C00612DB5 /* LaunchScreen.storyboard */,
				969A69752258C04C00612DB5 /* Info.plist */,
				969A697F2258CE9100612DB5 /* Controllers */,
				969A697E2258CE7D00612DB5 /* Views */,
				969A697D2258CE7400612DB5 /* Models */,
				969A697C2258CE2E00612DB5 /* Services */,
			);
			path = QuizApp;
			sourceTree = "<group>";
		};
		969A697C2258CE2E00612DB5 /* Services */ = {
			isa = PBXGroup;
			children = (
				969A69882258ECEA00612DB5 /* QuizService.swift */,
				969A69902259607F00612DB5 /* QuizImageService.swift */,
				969A699A225FAF4C00612DB5 /* LogInService.swift */,
			);
			path = Services;
			sourceTree = "<group>";
		};
		969A697D2258CE7400612DB5 /* Models */ = {
			isa = PBXGroup;
			children = (
				969A69822258CF8300612DB5 /* Quiz.swift */,
				969A69802258CF8300612DB5 /* Questions.swift */,
				969A69812258CF8300612DB5 /* Quizzes.swift */,
				969A698E22594C6800612DB5 /* Categorys.swift */,
			);
			path = Models;
			sourceTree = "<group>";
		};
		969A697E2258CE7D00612DB5 /* Views */ = {
			isa = PBXGroup;
			children = (
				969A6992225D3DD300612DB5 /* QuestionView.swift */,
				969A6993225D3DD300612DB5 /* QuestionView.xib */,
				961D1683228AF92C005240CC /* QuizesTableViewCell.swift */,
				961D1684228AF92C005240CC /* QuizesTableViewCell.xib */,
				96E56A64228B41E90053015B /* QuizesTableSectionHeader.swift */,
			);
			path = Views;
			sourceTree = "<group>";
		};
		969A697F2258CE9100612DB5 /* Controllers */ = {
			isa = PBXGroup;
			children = (
				969A698A22590A5800612DB5 /* InitialViewController.swift */,
				969A698B22590A5800612DB5 /* InitialViewController.xib */,
				969A6996225FAADE00612DB5 /* LogInViewController.swift */,
				969A6997225FAADE00612DB5 /* LogInViewController.xib */,
				961D167F228A0551005240CC /* QuizesViewController.swift */,
				961D1680228A0551005240CC /* QuizesViewController.xib */,
			);
			path = Controllers;
			sourceTree = "<group>";
		};
		C14B2BD1102F4BC7C426C6FA /* Frameworks */ = {
			isa = PBXGroup;
			children = (
				5F0DC983E6B01F8F97C85E2D /* Pods_QuizApp.framework */,
			);
			name = Frameworks;
			sourceTree = "<group>";
		};
/* End PBXGroup section */

/* Begin PBXNativeTarget section */
		969A69652258C04600612DB5 /* QuizApp */ = {
			isa = PBXNativeTarget;
			buildConfigurationList = 969A69782258C04C00612DB5 /* Build configuration list for PBXNativeTarget "QuizApp" */;
			buildPhases = (
				A902CA17EC60EBB4FAAD3334 /* [CP] Check Pods Manifest.lock */,
				969A69622258C04600612DB5 /* Sources */,
				969A69632258C04600612DB5 /* Frameworks */,
				969A69642258C04600612DB5 /* Resources */,
				C7AC0D3EE3E313314E52D230 /* [CP] Embed Pods Frameworks */,
			);
			buildRules = (
			);
			dependencies = (
			);
			name = QuizApp;
			productName = QuizApp;
			productReference = 969A69662258C04600612DB5 /* QuizApp.app */;
			productType = "com.apple.product-type.application";
		};
/* End PBXNativeTarget section */

/* Begin PBXProject section */
		969A695E2258C04600612DB5 /* Project object */ = {
			isa = PBXProject;
			attributes = {
				LastSwiftUpdateCheck = 1020;
				LastUpgradeCheck = 1020;
				ORGANIZATIONNAME = FER;
				TargetAttributes = {
					969A69652258C04600612DB5 = {
						CreatedOnToolsVersion = 10.2;
					};
				};
			};
			buildConfigurationList = 969A69612258C04600612DB5 /* Build configuration list for PBXProject "QuizApp" */;
			compatibilityVersion = "Xcode 9.3";
			developmentRegion = en;
			hasScannedForEncodings = 0;
			knownRegions = (
				en,
				Base,
			);
			mainGroup = 969A695D2258C04600612DB5;
			productRefGroup = 969A69672258C04600612DB5 /* Products */;
			projectDirPath = "";
			projectRoot = "";
			targets = (
				969A69652258C04600612DB5 /* QuizApp */,
			);
		};
/* End PBXProject section */

/* Begin PBXResourcesBuildPhase section */
		969A69642258C04600612DB5 /* Resources */ = {
			isa = PBXResourcesBuildPhase;
			buildActionMask = 2147483647;
			files = (
				969A6995225D3DD300612DB5 /* QuestionView.xib in Resources */,
				969A69742258C04C00612DB5 /* LaunchScreen.storyboard in Resources */,
				969A69712258C04C00612DB5 /* Assets.xcassets in Resources */,
				969A698D22590A5800612DB5 /* InitialViewController.xib in Resources */,
				969A6999225FAADE00612DB5 /* LogInViewController.xib in Resources */,
				961D1686228AF92C005240CC /* QuizesTableViewCell.xib in Resources */,
				961D1682228A0551005240CC /* QuizesViewController.xib in Resources */,
			);
			runOnlyForDeploymentPostprocessing = 0;
		};
/* End PBXResourcesBuildPhase section */

/* Begin PBXShellScriptBuildPhase section */
		A902CA17EC60EBB4FAAD3334 /* [CP] Check Pods Manifest.lock */ = {
			isa = PBXShellScriptBuildPhase;
			buildActionMask = 2147483647;
			files = (
			);
			inputFileListPaths = (
			);
			inputPaths = (
				"${PODS_PODFILE_DIR_PATH}/Podfile.lock",
				"${PODS_ROOT}/Manifest.lock",
			);
			name = "[CP] Check Pods Manifest.lock";
			outputFileListPaths = (
			);
			outputPaths = (
				"$(DERIVED_FILE_DIR)/Pods-QuizApp-checkManifestLockResult.txt",
			);
			runOnlyForDeploymentPostprocessing = 0;
			shellPath = /bin/sh;
			shellScript = "diff \"${PODS_PODFILE_DIR_PATH}/Podfile.lock\" \"${PODS_ROOT}/Manifest.lock\" > /dev/null\nif [ $? != 0 ] ; then\n    # print error to STDERR\n    echo \"error: The sandbox is not in sync with the Podfile.lock. Run 'pod install' or update your CocoaPods installation.\" >&2\n    exit 1\nfi\n# This output is used by Xcode 'outputs' to avoid re-running this script phase.\necho \"SUCCESS\" > \"${SCRIPT_OUTPUT_FILE_0}\"\n";
			showEnvVarsInLog = 0;
		};
		C7AC0D3EE3E313314E52D230 /* [CP] Embed Pods Frameworks */ = {
			isa = PBXShellScriptBuildPhase;
			buildActionMask = 2147483647;
			files = (
			);
			inputFileListPaths = (
				"${PODS_ROOT}/Target Support Files/Pods-QuizApp/Pods-QuizApp-frameworks-${CONFIGURATION}-input-files.xcfilelist",
			);
			name = "[CP] Embed Pods Frameworks";
			outputFileListPaths = (
				"${PODS_ROOT}/Target Support Files/Pods-QuizApp/Pods-QuizApp-frameworks-${CONFIGURATION}-output-files.xcfilelist",
			);
			runOnlyForDeploymentPostprocessing = 0;
			shellPath = /bin/sh;
			shellScript = "\"${PODS_ROOT}/Target Support Files/Pods-QuizApp/Pods-QuizApp-frameworks.sh\"\n";
			showEnvVarsInLog = 0;
		};
/* End PBXShellScriptBuildPhase section */

/* Begin PBXSourcesBuildPhase section */
		969A69622258C04600612DB5 /* Sources */ = {
			isa = PBXSourcesBuildPhase;
			buildActionMask = 2147483647;
			files = (
				96E56A65228B41EA0053015B /* QuizesTableSectionHeader.swift in Sources */,
				961D1685228AF92C005240CC /* QuizesTableViewCell.swift in Sources */,
				969A69832258CF8300612DB5 /* Questions.swift in Sources */,
				961D1681228A0551005240CC /* QuizesViewController.swift in Sources */,
				969A698C22590A5800612DB5 /* InitialViewController.swift in Sources */,
				969A69892258ECEA00612DB5 /* QuizService.swift in Sources */,
				969A696A2258C04600612DB5 /* AppDelegate.swift in Sources */,
				961D168B228B1DD7005240CC /* SingleQuizViewModel.swift in Sources */,
				969A69852258CF8300612DB5 /* Quiz.swift in Sources */,
				969A69842258CF8300612DB5 /* Quizzes.swift in Sources */,
				969A69912259607F00612DB5 /* QuizImageService.swift in Sources */,
				969A6994225D3DD300612DB5 /* QuestionView.swift in Sources */,
				969A699B225FAF4C00612DB5 /* LogInService.swift in Sources */,
				961D1689228B14FF005240CC /* QuizesViewModel.swift in Sources */,
				969A6998225FAADE00612DB5 /* LogInViewController.swift in Sources */,
				969A698F22594C6800612DB5 /* Categorys.swift in Sources */,
			);
			runOnlyForDeploymentPostprocessing = 0;
		};
/* End PBXSourcesBuildPhase section */

/* Begin PBXVariantGroup section */
		969A69722258C04C00612DB5 /* LaunchScreen.storyboard */ = {
			isa = PBXVariantGroup;
			children = (
				969A69732258C04C00612DB5 /* Base */,
			);
			name = LaunchScreen.storyboard;
			sourceTree = "<group>";
		};
/* End PBXVariantGroup section */

/* Begin XCBuildConfiguration section */
		969A69762258C04C00612DB5 /* Debug */ = {
			isa = XCBuildConfiguration;
			buildSettings = {
				ALWAYS_SEARCH_USER_PATHS = NO;
				CLANG_ANALYZER_NONNULL = YES;
				CLANG_ANALYZER_NUMBER_OBJECT_CONVERSION = YES_AGGRESSIVE;
				CLANG_CXX_LANGUAGE_STANDARD = "gnu++14";
				CLANG_CXX_LIBRARY = "libc++";
				CLANG_ENABLE_MODULES = YES;
				CLANG_ENABLE_OBJC_ARC = YES;
				CLANG_ENABLE_OBJC_WEAK = YES;
				CLANG_WARN_BLOCK_CAPTURE_AUTORELEASING = YES;
				CLANG_WARN_BOOL_CONVERSION = YES;
				CLANG_WARN_COMMA = YES;
				CLANG_WARN_CONSTANT_CONVERSION = YES;
				CLANG_WARN_DEPRECATED_OBJC_IMPLEMENTATIONS = YES;
				CLANG_WARN_DIRECT_OBJC_ISA_USAGE = YES_ERROR;
				CLANG_WARN_DOCUMENTATION_COMMENTS = YES;
				CLANG_WARN_EMPTY_BODY = YES;
				CLANG_WARN_ENUM_CONVERSION = YES;
				CLANG_WARN_INFINITE_RECURSION = YES;
				CLANG_WARN_INT_CONVERSION = YES;
				CLANG_WARN_NON_LITERAL_NULL_CONVERSION = YES;
				CLANG_WARN_OBJC_IMPLICIT_RETAIN_SELF = YES;
				CLANG_WARN_OBJC_LITERAL_CONVERSION = YES;
				CLANG_WARN_OBJC_ROOT_CLASS = YES_ERROR;
				CLANG_WARN_RANGE_LOOP_ANALYSIS = YES;
				CLANG_WARN_STRICT_PROTOTYPES = YES;
				CLANG_WARN_SUSPICIOUS_MOVE = YES;
				CLANG_WARN_UNGUARDED_AVAILABILITY = YES_AGGRESSIVE;
				CLANG_WARN_UNREACHABLE_CODE = YES;
				CLANG_WARN__DUPLICATE_METHOD_MATCH = YES;
				CODE_SIGN_IDENTITY = "iPhone Developer";
				COPY_PHASE_STRIP = NO;
				DEBUG_INFORMATION_FORMAT = dwarf;
				ENABLE_STRICT_OBJC_MSGSEND = YES;
				ENABLE_TESTABILITY = YES;
				GCC_C_LANGUAGE_STANDARD = gnu11;
				GCC_DYNAMIC_NO_PIC = NO;
				GCC_NO_COMMON_BLOCKS = YES;
				GCC_OPTIMIZATION_LEVEL = 0;
				GCC_PREPROCESSOR_DEFINITIONS = (
					"DEBUG=1",
					"$(inherited)",
				);
				GCC_WARN_64_TO_32_BIT_CONVERSION = YES;
				GCC_WARN_ABOUT_RETURN_TYPE = YES_ERROR;
				GCC_WARN_UNDECLARED_SELECTOR = YES;
				GCC_WARN_UNINITIALIZED_AUTOS = YES_AGGRESSIVE;
				GCC_WARN_UNUSED_FUNCTION = YES;
				GCC_WARN_UNUSED_VARIABLE = YES;
				IPHONEOS_DEPLOYMENT_TARGET = 12.2;
				MTL_ENABLE_DEBUG_INFO = INCLUDE_SOURCE;
				MTL_FAST_MATH = YES;
				ONLY_ACTIVE_ARCH = YES;
				SDKROOT = iphoneos;
				SWIFT_ACTIVE_COMPILATION_CONDITIONS = DEBUG;
				SWIFT_OPTIMIZATION_LEVEL = "-Onone";
			};
			name = Debug;
		};
		969A69772258C04C00612DB5 /* Release */ = {
			isa = XCBuildConfiguration;
			buildSettings = {
				ALWAYS_SEARCH_USER_PATHS = NO;
				CLANG_ANALYZER_NONNULL = YES;
				CLANG_ANALYZER_NUMBER_OBJECT_CONVERSION = YES_AGGRESSIVE;
				CLANG_CXX_LANGUAGE_STANDARD = "gnu++14";
				CLANG_CXX_LIBRARY = "libc++";
				CLANG_ENABLE_MODULES = YES;
				CLANG_ENABLE_OBJC_ARC = YES;
				CLANG_ENABLE_OBJC_WEAK = YES;
				CLANG_WARN_BLOCK_CAPTURE_AUTORELEASING = YES;
				CLANG_WARN_BOOL_CONVERSION = YES;
				CLANG_WARN_COMMA = YES;
				CLANG_WARN_CONSTANT_CONVERSION = YES;
				CLANG_WARN_DEPRECATED_OBJC_IMPLEMENTATIONS = YES;
				CLANG_WARN_DIRECT_OBJC_ISA_USAGE = YES_ERROR;
				CLANG_WARN_DOCUMENTATION_COMMENTS = YES;
				CLANG_WARN_EMPTY_BODY = YES;
				CLANG_WARN_ENUM_CONVERSION = YES;
				CLANG_WARN_INFINITE_RECURSION = YES;
				CLANG_WARN_INT_CONVERSION = YES;
				CLANG_WARN_NON_LITERAL_NULL_CONVERSION = YES;
				CLANG_WARN_OBJC_IMPLICIT_RETAIN_SELF = YES;
				CLANG_WARN_OBJC_LITERAL_CONVERSION = YES;
				CLANG_WARN_OBJC_ROOT_CLASS = YES_ERROR;
				CLANG_WARN_RANGE_LOOP_ANALYSIS = YES;
				CLANG_WARN_STRICT_PROTOTYPES = YES;
				CLANG_WARN_SUSPICIOUS_MOVE = YES;
				CLANG_WARN_UNGUARDED_AVAILABILITY = YES_AGGRESSIVE;
				CLANG_WARN_UNREACHABLE_CODE = YES;
				CLANG_WARN__DUPLICATE_METHOD_MATCH = YES;
				CODE_SIGN_IDENTITY = "iPhone Developer";
				COPY_PHASE_STRIP = NO;
				DEBUG_INFORMATION_FORMAT = "dwarf-with-dsym";
				ENABLE_NS_ASSERTIONS = NO;
				ENABLE_STRICT_OBJC_MSGSEND = YES;
				GCC_C_LANGUAGE_STANDARD = gnu11;
				GCC_NO_COMMON_BLOCKS = YES;
				GCC_WARN_64_TO_32_BIT_CONVERSION = YES;
				GCC_WARN_ABOUT_RETURN_TYPE = YES_ERROR;
				GCC_WARN_UNDECLARED_SELECTOR = YES;
				GCC_WARN_UNINITIALIZED_AUTOS = YES_AGGRESSIVE;
				GCC_WARN_UNUSED_FUNCTION = YES;
				GCC_WARN_UNUSED_VARIABLE = YES;
				IPHONEOS_DEPLOYMENT_TARGET = 12.2;
				MTL_ENABLE_DEBUG_INFO = NO;
				MTL_FAST_MATH = YES;
				SDKROOT = iphoneos;
				SWIFT_COMPILATION_MODE = wholemodule;
				SWIFT_OPTIMIZATION_LEVEL = "-O";
				VALIDATE_PRODUCT = YES;
			};
			name = Release;
		};
		969A69792258C04C00612DB5 /* Debug */ = {
			isa = XCBuildConfiguration;
			baseConfigurationReference = D719B9DF2B32F6F1D6C31E11 /* Pods-QuizApp.debug.xcconfig */;
			buildSettings = {
				ASSETCATALOG_COMPILER_APPICON_NAME = AppIcon;
				CODE_SIGN_STYLE = Automatic;
				INFOPLIST_FILE = QuizApp/Info.plist;
				LD_RUNPATH_SEARCH_PATHS = (
					"$(inherited)",
					"@executable_path/Frameworks",
				);
				PRODUCT_BUNDLE_IDENTIFIER = hr.fer.caleta.mario.QuizApp;
				PRODUCT_NAME = "$(TARGET_NAME)";
				SWIFT_VERSION = 5.0;
				TARGETED_DEVICE_FAMILY = "1,2";
			};
			name = Debug;
		};
		969A697A2258C04C00612DB5 /* Release */ = {
			isa = XCBuildConfiguration;
			baseConfigurationReference = 5E6516B167D9159578CECC14 /* Pods-QuizApp.release.xcconfig */;
			buildSettings = {
				ASSETCATALOG_COMPILER_APPICON_NAME = AppIcon;
				CODE_SIGN_STYLE = Automatic;
				INFOPLIST_FILE = QuizApp/Info.plist;
				LD_RUNPATH_SEARCH_PATHS = (
					"$(inherited)",
					"@executable_path/Frameworks",
				);
				PRODUCT_BUNDLE_IDENTIFIER = hr.fer.caleta.mario.QuizApp;
				PRODUCT_NAME = "$(TARGET_NAME)";
				SWIFT_VERSION = 5.0;
				TARGETED_DEVICE_FAMILY = "1,2";
			};
			name = Release;
		};
/* End XCBuildConfiguration section */

/* Begin XCConfigurationList section */
		969A69612258C04600612DB5 /* Build configuration list for PBXProject "QuizApp" */ = {
			isa = XCConfigurationList;
			buildConfigurations = (
				969A69762258C04C00612DB5 /* Debug */,
				969A69772258C04C00612DB5 /* Release */,
			);
			defaultConfigurationIsVisible = 0;
			defaultConfigurationName = Release;
		};
		969A69782258C04C00612DB5 /* Build configuration list for PBXNativeTarget "QuizApp" */ = {
			isa = XCConfigurationList;
			buildConfigurations = (
				969A69792258C04C00612DB5 /* Debug */,
				969A697A2258C04C00612DB5 /* Release */,
			);
			defaultConfigurationIsVisible = 0;
			defaultConfigurationName = Release;
		};
/* End XCConfigurationList section */
	};
	rootObject = 969A695E2258C04600612DB5 /* Project object */;
}
